
Microsoft Visual Studio Solution File, Format Version 12.00
# Visual Studio Version 16
VisualStudioVersion = 16.0.31019.35
MinimumVisualStudioVersion = 10.0.40219.1
Project("{FAE04EC0-301F-11D3-BF4B-00C04F79EFBC}") = "DB_Client", "DB_Client\DB_Client.csproj", "{B30DF5A5-8E20-4846-9BEF-42B0BF6304E1}"
EndProject
Global
	GlobalSection(SolutionConfigurationPlatforms) = preSolution
		Debug|Any CPU = Debug|Any CPU
		Release|Any CPU = Release|Any CPU
	EndGlobalSection
	GlobalSection(ProjectConfigurationPlatforms) = postSolution
		{B30DF5A5-8E20-4846-9BEF-42B0BF6304E1}.Debug|Any CPU.ActiveCfg = Debug|Any CPU
		{B30DF5A5-8E20-4846-9BEF-42B0BF6304E1}.Debug|Any CPU.Build.0 = Debug|Any CPU
		{B30DF5A5-8E20-4846-9BEF-42B0BF6304E1}.Release|Any CPU.ActiveCfg = Release|Any CPU
		{B30DF5A5-8E20-4846-9BEF-42B0BF6304E1}.Release|Any CPU.Build.0 = Release|Any CPU
	EndGlobalSection
	GlobalSection(SolutionProperties) = preSolution
		HideSolutionNode = FALSE
	EndGlobalSection
	GlobalSection(ExtensibilityGlobals) = postSolution
		SolutionGuid = {BEF7D318-B6DD-4816-B00C-EA8DE6CE4A8E}
	EndGlobalSection
EndGlobal
